
Microsoft Visual Studio Solution File, Format Version 12.00
# Visual Studio 15
VisualStudioVersion = 15.0.28307.489
MinimumVisualStudioVersion = 10.0.40219.1
Project("{9A19103F-16F7-4668-BE54-9A1E7A4F7556}") = "CoreGribReader", "CoreGribWriter\CoreGribReader.csproj", "{FC6BB21A-DEF1-4F73-9D3E-F167C592D44F}"
EndProject
Project("{9A19103F-16F7-4668-BE54-9A1E7A4F7556}") = "ConsoleRun", "ConsoleRun\ConsoleRun.csproj", "{162C778A-63B5-4BA5-A9CA-923A2E62740E}"
EndProject
Project("{9A19103F-16F7-4668-BE54-9A1E7A4F7556}") = "Grib.Reader.Framework.Console", "Grib.Reader.Framework.Console\Grib.Reader.Framework.Console.csproj", "{5764471A-D023-438B-9E72-10F66D95B1A8}"
EndProject
Global
	GlobalSection(SolutionConfigurationPlatforms) = preSolution
		Debug|Any CPU = Debug|Any CPU
		Release|Any CPU = Release|Any CPU
	EndGlobalSection
	GlobalSection(ProjectConfigurationPlatforms) = postSolution
		{FC6BB21A-DEF1-4F73-9D3E-F167C592D44F}.Debug|Any CPU.ActiveCfg = Debug|Any CPU
		{FC6BB21A-DEF1-4F73-9D3E-F167C592D44F}.Debug|Any CPU.Build.0 = Debug|Any CPU
		{FC6BB21A-DEF1-4F73-9D3E-F167C592D44F}.Release|Any CPU.ActiveCfg = Release|Any CPU
		{FC6BB21A-DEF1-4F73-9D3E-F167C592D44F}.Release|Any CPU.Build.0 = Release|Any CPU
		{162C778A-63B5-4BA5-A9CA-923A2E62740E}.Debug|Any CPU.ActiveCfg = Debug|Any CPU
		{162C778A-63B5-4BA5-A9CA-923A2E62740E}.Debug|Any CPU.Build.0 = Debug|Any CPU
		{162C778A-63B5-4BA5-A9CA-923A2E62740E}.Release|Any CPU.ActiveCfg = Release|Any CPU
		{162C778A-63B5-4BA5-A9CA-923A2E62740E}.Release|Any CPU.Build.0 = Release|Any CPU
		{5764471A-D023-438B-9E72-10F66D95B1A8}.Debug|Any CPU.ActiveCfg = Debug|Any CPU
		{5764471A-D023-438B-9E72-10F66D95B1A8}.Debug|Any CPU.Build.0 = Debug|Any CPU
		{5764471A-D023-438B-9E72-10F66D95B1A8}.Release|Any CPU.ActiveCfg = Release|Any CPU
		{5764471A-D023-438B-9E72-10F66D95B1A8}.Release|Any CPU.Build.0 = Release|Any CPU
	EndGlobalSection
	GlobalSection(SolutionProperties) = preSolution
		HideSolutionNode = FALSE
	EndGlobalSection
	GlobalSection(ExtensibilityGlobals) = postSolution
		SolutionGuid = {E34791DA-ED8C-4524-BB3B-2D8C94C80075}
	EndGlobalSection
EndGlobal
